Microsoft Visual Studio Solution File, Format Version 12.00
# Visual Studio Version 17
VisualStudioVersion = 17.0.31903.59
MinimumVisualStudioVersion = 10.0.40219.1
Project("{FAE04EC0-301F-11D3-BF4B-00C04F79EFBC}") = "ORhom", "ORhom.csproj", "{81DBCB97-26A8-4A0E-9B5E-E92044D6B99A}"
EndProject
Project("{FAE04EC0-301F-11D3-BF4B-00C04F79EFBC}") = "ORhom.Tests", "ORhom.Tests\ORhom.Tests.csproj", "{CA34AE6B-91CD-4B91-9182-C02D33EBFA16}"
EndProject
Global
	GlobalSection(SolutionConfigurationPlatforms) = preSolution
		Debug|Any CPU = Debug|Any CPU
		Release|Any CPU = Release|Any CPU
	EndGlobalSection
	GlobalSection(ProjectConfigurationPlatforms) = postSolution
		{81DBCB97-26A8-4A0E-9B5E-E92044D6B99A}.Debug|Any CPU.ActiveCfg = Debug|Any CPU
		{81DBCB97-26A8-4A0E-9B5E-E92044D6B99A}.Debug|Any CPU.Build.0 = Debug|Any CPU
		{81DBCB97-26A8-4A0E-9B5E-E92044D6B99A}.Release|Any CPU.ActiveCfg = Release|Any CPU
		{81DBCB97-26A8-4A0E-9B5E-E92044D6B99A}.Release|Any CPU.Build.0 = Release|Any CPU
		{CA34AE6B-91CD-4B91-9182-C02D33EBFA16}.Debug|Any CPU.ActiveCfg = Debug|Any CPU
		{CA34AE6B-91CD-4B91-9182-C02D33EBFA16}.Debug|Any CPU.Build.0 = Debug|Any CPU
		{CA34AE6B-91CD-4B91-9182-C02D33EBFA16}.Release|Any CPU.ActiveCfg = Release|Any CPU
		{CA34AE6B-91CD-4B91-9182-C02D33EBFA16}.Release|Any CPU.Build.0 = Release|Any CPU
	EndGlobalSection
EndGlobal
